
Microsoft Visual Studio Solution File, Format Version 12.00
# Visual Studio 15
VisualStudioVersion = 15.0.27428.2015
MinimumVisualStudioVersion = 10.0.40219.1
Project("{FAE04EC0-301F-11D3-BF4B-00C04F79EFBC}") = "EChartDemo", "EChartDemo\EChartDemo.csproj", "{AC6782CA-066F-4A32-A025-1BA29EA9BBFF}"
EndProject
Project("{FAE04EC0-301F-11D3-BF4B-00C04F79EFBC}") = "EChartService", "EChartService\EChartService.csproj", "{4003B90B-4168-43B2-89BD-29F849CEEECD}"
EndProject
Global
	GlobalSection(SolutionConfigurationPlatforms) = preSolution
		Debug|Any CPU = Debug|Any CPU
		Release|Any CPU = Release|Any CPU
	EndGlobalSection
	GlobalSection(ProjectConfigurationPlatforms) = postSolution
		{AC6782CA-066F-4A32-A025-1BA29EA9BBFF}.Debug|Any CPU.ActiveCfg = Debug|Any CPU
		{AC6782CA-066F-4A32-A025-1BA29EA9BBFF}.Debug|Any CPU.Build.0 = Debug|Any CPU
		{AC6782CA-066F-4A32-A025-1BA29EA9BBFF}.Release|Any CPU.ActiveCfg = Release|Any CPU
		{AC6782CA-066F-4A32-A025-1BA29EA9BBFF}.Release|Any CPU.Build.0 = Release|Any CPU
		{4003B90B-4168-43B2-89BD-29F849CEEECD}.Debug|Any CPU.ActiveCfg = Debug|Any CPU
		{4003B90B-4168-43B2-89BD-29F849CEEECD}.Debug|Any CPU.Build.0 = Debug|Any CPU
		{4003B90B-4168-43B2-89BD-29F849CEEECD}.Release|Any CPU.ActiveCfg = Release|Any CPU
		{4003B90B-4168-43B2-89BD-29F849CEEECD}.Release|Any CPU.Build.0 = Release|Any CPU
	EndGlobalSection
	GlobalSection(SolutionProperties) = preSolution
		HideSolutionNode = FALSE
	EndGlobalSection
	GlobalSection(ExtensibilityGlobals) = postSolution
		SolutionGuid = {1E8EF253-3279-4FC0-8A67-4211930565D3}
	EndGlobalSection
EndGlobal
